// !$*UTF8*$!
{
	archiveVersion = 1;
	classes = {
	};
	objectVersion = 50;
	objects = {

/* Begin PBXBuildFile section */
		9587AFBFB1A346564015100F /* Pods_World_Culture_Deck.framework in Frameworks */ = {isa = PBXBuildFile; fileRef = 352BD80C18464331F729CDAC /* Pods_World_Culture_Deck.framework */; };
		F61DB99623DC136C008943C6 /* QuizVC.swift in Sources */ = {isa = PBXBuildFile; fileRef = F61DB99523DC136C008943C6 /* QuizVC.swift */; };
		F61DB99823DC140C008943C6 /* QuizCell.swift in Sources */ = {isa = PBXBuildFile; fileRef = F61DB99723DC140C008943C6 /* QuizCell.swift */; };
		F62E07E323D685B400A5D157 /* CountryController.swift in Sources */ = {isa = PBXBuildFile; fileRef = F62E07E223D685B400A5D157 /* CountryController.swift */; };
		F65645ED23E69FEE008FDD04 /* QuizService.swift in Sources */ = {isa = PBXBuildFile; fileRef = F65645EC23E69FEE008FDD04 /* QuizService.swift */; };
		F65645EF23E6A974008FDD04 /* StarService.swift in Sources */ = {isa = PBXBuildFile; fileRef = F65645EE23E6A974008FDD04 /* StarService.swift */; };
		F66B88D123FCEBA40018892D /* NLI_HomeVC.swift in Sources */ = {isa = PBXBuildFile; fileRef = F66B88D023FCEBA40018892D /* NLI_HomeVC.swift */; };
		F66B88D323FCF1160018892D /* NLI_CountryController.swift in Sources */ = {isa = PBXBuildFile; fileRef = F66B88D223FCF1160018892D /* NLI_CountryController.swift */; };
		F66B88D523FCF12B0018892D /* NLI_InfoController.swift in Sources */ = {isa = PBXBuildFile; fileRef = F66B88D423FCF12B0018892D /* NLI_InfoController.swift */; };
		F66B88D723FCF1610018892D /* NLI_QuizController.swift in Sources */ = {isa = PBXBuildFile; fileRef = F66B88D623FCF1610018892D /* NLI_QuizController.swift */; };
		F66B88D923FCF17E0018892D /* NLI_SourceVC.swift in Sources */ = {isa = PBXBuildFile; fileRef = F66B88D823FCF17E0018892D /* NLI_SourceVC.swift */; };
		F66B88DB23FCFF010018892D /* NLI_quizCell.swift in Sources */ = {isa = PBXBuildFile; fileRef = F66B88DA23FCFF010018892D /* NLI_quizCell.swift */; };
		F6A4657023BA1649004255BE /* HomeVC.swift in Sources */ = {isa = PBXBuildFile; fileRef = F6A4656F23BA1649004255BE /* HomeVC.swift */; };
		F6A4657223BA197A004255BE /* SettingsVC.swift in Sources */ = {isa = PBXBuildFile; fileRef = F6A4657123BA197A004255BE /* SettingsVC.swift */; };
		F6A4657423BA2303004255BE /* WallpaperVC.swift in Sources */ = {isa = PBXBuildFile; fileRef = F6A4657323BA2303004255BE /* WallpaperVC.swift */; };
		F6A6CA6E23D6ADF0007158B8 /* InfoController.swift in Sources */ = {isa = PBXBuildFile; fileRef = F6A6CA6D23D6ADF0007158B8 /* InfoController.swift */; };
		F6BEF4CB23FB349D00863713 /* ReachabilityService.swift in Sources */ = {isa = PBXBuildFile; fileRef = F6BEF4CA23FB349D00863713 /* ReachabilityService.swift */; };
		F6BEF4CD23FB41C600863713 /* ShortAlertVC.swift in Sources */ = {isa = PBXBuildFile; fileRef = F6BEF4CC23FB41C600863713 /* ShortAlertVC.swift */; };
		F6C5D87223FA5986004DBDB4 /* SourcesVC.swift in Sources */ = {isa = PBXBuildFile; fileRef = F6C5D87123FA5986004DBDB4 /* SourcesVC.swift */; };
		F6C5D87423FA5A17004DBDB4 /* LinksCell.swift in Sources */ = {isa = PBXBuildFile; fileRef = F6C5D87323FA5A17004DBDB4 /* LinksCell.swift */; };
		F6CE53A623B99E7A00B42791 /* AppDelegate.swift in Sources */ = {isa = PBXBuildFile; fileRef = F6CE53A523B99E7A00B42791 /* AppDelegate.swift */; };
		F6CE53A823B99E7A00B42791 /* SceneDelegate.swift in Sources */ = {isa = PBXBuildFile; fileRef = F6CE53A723B99E7A00B42791 /* SceneDelegate.swift */; };
		F6CE53AB23B99E7B00B42791 /* World_Culture_Deck.xcdatamodeld in Sources */ = {isa = PBXBuildFile; fileRef = F6CE53A923B99E7B00B42791 /* World_Culture_Deck.xcdatamodeld */; };
		F6CE53AD23B99E7B00B42791 /* ContentView.swift in Sources */ = {isa = PBXBuildFile; fileRef = F6CE53AC23B99E7B00B42791 /* ContentView.swift */; };
		F6CE53AF23B99E7C00B42791 /* Assets.xcassets in Resources */ = {isa = PBXBuildFile; fileRef = F6CE53AE23B99E7C00B42791 /* Assets.xcassets */; };
		F6CE53B223B99E7C00B42791 /* Preview Assets.xcassets in Resources */ = {isa = PBXBuildFile; fileRef = F6CE53B123B99E7C00B42791 /* Preview Assets.xcassets */; };
		F6CE53B523B99E7C00B42791 /* LaunchScreen.storyboard in Resources */ = {isa = PBXBuildFile; fileRef = F6CE53B323B99E7C00B42791 /* LaunchScreen.storyboard */; };
		F6CE53BD23B9A10200B42791 /* GoogleService-Info.plist in Resources */ = {isa = PBXBuildFile; fileRef = F6CE53BC23B9A10200B42791 /* GoogleService-Info.plist */; };
		F6CE53C423B9A46100B42791 /* Login.storyboard in Resources */ = {isa = PBXBuildFile; fileRef = F6CE53C323B9A46100B42791 /* Login.storyboard */; };
		F6CE53C623B9A4B900B42791 /* Main.storyboard in Resources */ = {isa = PBXBuildFile; fileRef = F6CE53C523B9A4B900B42791 /* Main.storyboard */; };
		F6CE53C923B9A81900B42791 /* LoginViewController.swift in Sources */ = {isa = PBXBuildFile; fileRef = F6CE53C823B9A81900B42791 /* LoginViewController.swift */; };
		F6CE53CB23B9D0B600B42791 /* User.swift in Sources */ = {isa = PBXBuildFile; fileRef = F6CE53CA23B9D0B600B42791 /* User.swift */; };
		F6CE53CD23B9D5CD00B42791 /* CreateUsernameViewController.swift in Sources */ = {isa = PBXBuildFile; fileRef = F6CE53CC23B9D5CD00B42791 /* CreateUsernameViewController.swift */; };
		F6CE53CF23B9D7DF00B42791 /* UserService.swift in Sources */ = {isa = PBXBuildFile; fileRef = F6CE53CE23B9D7DF00B42791 /* UserService.swift */; };
		F6CE53D123B9DB7400B42791 /* Constants.swift in Sources */ = {isa = PBXBuildFile; fileRef = F6CE53D023B9DB7400B42791 /* Constants.swift */; };
		F6CE53D323B9DBB700B42791 /* Storyboard+Utility.swift in Sources */ = {isa = PBXBuildFile; fileRef = F6CE53D223B9DBB700B42791 /* Storyboard+Utility.swift */; };
		F6D9BEB123E7F2C7005F0690 /* InfoService.swift in Sources */ = {isa = PBXBuildFile; fileRef = F6D9BEB023E7F2C7005F0690 /* InfoService.swift */; };
		F6E3433723BAD4B5005B62A2 /* WallpaperCell.swift in Sources */ = {isa = PBXBuildFile; fileRef = F6E3433523BAD4B5005B62A2 /* WallpaperCell.swift */; };
		F6E3433823BAD4B5005B62A2 /* WallpaperCell.xib in Resources */ = {isa = PBXBuildFile; fileRef = F6E3433623BAD4B5005B62A2 /* WallpaperCell.xib */; };
		F6E3433A23BADC02005B62A2 /* TabBarController.swift in Sources */ = {isa = PBXBuildFile; fileRef = F6E3433923BADC02005B62A2 /* TabBarController.swift */; };
		F6E3433C23BAE02F005B62A2 /* AllDecksCell.swift in Sources */ = {isa = PBXBuildFile; fileRef = F6E3433B23BAE02F005B62A2 /* AllDecksCell.swift */; };
		F6E3433E23BAE03A005B62A2 /* CompletedDecksCell.swift in Sources */ = {isa = PBXBuildFile; fileRef = F6E3433D23BAE03A005B62A2 /* CompletedDecksCell.swift */; };
/* End PBXBuildFile section */

/* Begin PBXFileReference section */
		1CE70D85015DFF0BC538C868 /* Pods-World Culture Deck.release.xcconfig */ = {isa = PBXFileReference; includeInIndex = 1; lastKnownFileType = text.xcconfig; name = "Pods-World Culture Deck.release.xcconfig"; path = "Pods/Target Support Files/Pods-World Culture Deck/Pods-World Culture Deck.release.xcconfig"; sourceTree = "<group>"; };
		352BD80C18464331F729CDAC /* Pods_World_Culture_Deck.framework */ = {isa = PBXFileReference; explicitFileType = wrapper.framework; includeInIndex = 0; path = Pods_World_Culture_Deck.framework; sourceTree = BUILT_PRODUCTS_DIR; };
		38AE7D98688EF3EDF962B038 /* Pods-World Culture Deck.debug.xcconfig */ = {isa = PBXFileReference; includeInIndex = 1; lastKnownFileType = text.xcconfig; name = "Pods-World Culture Deck.debug.xcconfig"; path = "Pods/Target Support Files/Pods-World Culture Deck/Pods-World Culture Deck.debug.xcconfig"; sourceTree = "<group>"; };
		F61DB99523DC136C008943C6 /* QuizVC.swift */ = {isa = PBXFileReference; lastKnownFileType = sourcecode.swift; path = QuizVC.swift; sourceTree = "<group>"; };
		F61DB99723DC140C008943C6 /* QuizCell.swift */ = {isa = PBXFileReference; lastKnownFileType = sourcecode.swift; path = QuizCell.swift; sourceTree = "<group>"; };
		F62E07E223D685B400A5D157 /* CountryController.swift */ = {isa = PBXFileReference; lastKnownFileType = sourcecode.swift; path = CountryController.swift; sourceTree = "<group>"; };
		F65645EC23E69FEE008FDD04 /* QuizService.swift */ = {isa = PBXFileReference; lastKnownFileType = sourcecode.swift; path = QuizService.swift; sourceTree = "<group>"; };
		F65645EE23E6A974008FDD04 /* StarService.swift */ = {isa = PBXFileReference; lastKnownFileType = sourcecode.swift; path = StarService.swift; sourceTree = "<group>"; };
		F66B88D023FCEBA40018892D /* NLI_HomeVC.swift */ = {isa = PBXFileReference; lastKnownFileType = sourcecode.swift; path = NLI_HomeVC.swift; sourceTree = "<group>"; };
		F66B88D223FCF1160018892D /* NLI_CountryController.swift */ = {isa = PBXFileReference; lastKnownFileType = sourcecode.swift; path = NLI_CountryController.swift; sourceTree = "<group>"; };
		F66B88D423FCF12B0018892D /* NLI_InfoController.swift */ = {isa = PBXFileReference; lastKnownFileType = sourcecode.swift; path = NLI_InfoController.swift; sourceTree = "<group>"; };
		F66B88D623FCF1610018892D /* NLI_QuizController.swift */ = {isa = PBXFileReference; lastKnownFileType = sourcecode.swift; path = NLI_QuizController.swift; sourceTree = "<group>"; };
		F66B88D823FCF17E0018892D /* NLI_SourceVC.swift */ = {isa = PBXFileReference; lastKnownFileType = sourcecode.swift; path = NLI_SourceVC.swift; sourceTree = "<group>"; };
		F66B88DA23FCFF010018892D /* NLI_quizCell.swift */ = {isa = PBXFileReference; lastKnownFileType = sourcecode.swift; path = NLI_quizCell.swift; sourceTree = "<group>"; };
		F6A4656F23BA1649004255BE /* HomeVC.swift */ = {isa = PBXFileReference; lastKnownFileType = sourcecode.swift; path = HomeVC.swift; sourceTree = "<group>"; };
		F6A4657123BA197A004255BE /* SettingsVC.swift */ = {isa = PBXFileReference; lastKnownFileType = sourcecode.swift; path = SettingsVC.swift; sourceTree = "<group>"; };
		F6A4657323BA2303004255BE /* WallpaperVC.swift */ = {isa = PBXFileReference; lastKnownFileType = sourcecode.swift; path = WallpaperVC.swift; sourceTree = "<group>"; };
		F6A6CA6D23D6ADF0007158B8 /* InfoController.swift */ = {isa = PBXFileReference; lastKnownFileType = sourcecode.swift; path = InfoController.swift; sourceTree = "<group>"; };
		F6BEF4CA23FB349D00863713 /* ReachabilityService.swift */ = {isa = PBXFileReference; lastKnownFileType = sourcecode.swift; path = ReachabilityService.swift; sourceTree = "<group>"; };
		F6BEF4CC23FB41C600863713 /* ShortAlertVC.swift */ = {isa = PBXFileReference; lastKnownFileType = sourcecode.swift; path = ShortAlertVC.swift; sourceTree = "<group>"; };
		F6C5D87123FA5986004DBDB4 /* SourcesVC.swift */ = {isa = PBXFileReference; lastKnownFileType = sourcecode.swift; path = SourcesVC.swift; sourceTree = "<group>"; };
		F6C5D87323FA5A17004DBDB4 /* LinksCell.swift */ = {isa = PBXFileReference; lastKnownFileType = sourcecode.swift; path = LinksCell.swift; sourceTree = "<group>"; };
		F6CE53A223B99E7A00B42791 /* World Culture Deck.app */ = {isa = PBXFileReference; explicitFileType = wrapper.application; includeInIndex = 0; path = "World Culture Deck.app"; sourceTree = BUILT_PRODUCTS_DIR; };
		F6CE53A523B99E7A00B42791 /* AppDelegate.swift */ = {isa = PBXFileReference; lastKnownFileType = sourcecode.swift; path = AppDelegate.swift; sourceTree = "<group>"; };
		F6CE53A723B99E7A00B42791 /* SceneDelegate.swift */ = {isa = PBXFileReference; lastKnownFileType = sourcecode.swift; path = SceneDelegate.swift; sourceTree = "<group>"; };
		F6CE53AA23B99E7B00B42791 /* World_Culture_Deck.xcdatamodel */ = {isa = PBXFileReference; lastKnownFileType = wrapper.xcdatamodel; path = World_Culture_Deck.xcdatamodel; sourceTree = "<group>"; };
		F6CE53AC23B99E7B00B42791 /* ContentView.swift */ = {isa = PBXFileReference; lastKnownFileType = sourcecode.swift; path = ContentView.swift; sourceTree = "<group>"; };
		F6CE53AE23B99E7C00B42791 /* Assets.xcassets */ = {isa = PBXFileReference; lastKnownFileType = folder.assetcatalog; path = Assets.xcassets; sourceTree = "<group>"; };
		F6CE53B123B99E7C00B42791 /* Preview Assets.xcassets */ = {isa = PBXFileReference; lastKnownFileType = folder.assetcatalog; path = "Preview Assets.xcassets"; sourceTree = "<group>"; };
		F6CE53B423B99E7C00B42791 /* Base */ = {isa = PBXFileReference; lastKnownFileType = file.storyboard; name = Base; path = Base.lproj/LaunchScreen.storyboard; sourceTree = "<group>"; };
		F6CE53B623B99E7C00B42791 /* Info.plist */ = {isa = PBXFileReference; lastKnownFileType = text.plist.xml; path = Info.plist; sourceTree = "<group>"; };
		F6CE53BC23B9A10200B42791 /* GoogleService-Info.plist */ = {isa = PBXFileReference; fileEncoding = 4; lastKnownFileType = text.plist.xml; path = "GoogleService-Info.plist"; sourceTree = "<group>"; };
		F6CE53C323B9A46100B42791 /* Login.storyboard */ = {isa = PBXFileReference; lastKnownFileType = file.storyboard; path = Login.storyboard; sourceTree = "<group>"; };
		F6CE53C523B9A4B900B42791 /* Main.storyboard */ = {isa = PBXFileReference; lastKnownFileType = file.storyboard; path = Main.storyboard; sourceTree = "<group>"; };
		F6CE53C823B9A81900B42791 /* LoginViewController.swift */ = {isa = PBXFileReference; lastKnownFileType = sourcecode.swift; path = LoginViewController.swift; sourceTree = "<group>"; };
		F6CE53CA23B9D0B600B42791 /* User.swift */ = {isa = PBXFileReference; lastKnownFileType = sourcecode.swift; path = User.swift; sourceTree = "<group>"; };
		F6CE53CC23B9D5CD00B42791 /* CreateUsernameViewController.swift */ = {isa = PBXFileReference; lastKnownFileType = sourcecode.swift; path = CreateUsernameViewController.swift; sourceTree = "<group>"; };
		F6CE53CE23B9D7DF00B42791 /* UserService.swift */ = {isa = PBXFileReference; lastKnownFileType = sourcecode.swift; path = UserService.swift; sourceTree = "<group>"; };
		F6CE53D023B9DB7400B42791 /* Constants.swift */ = {isa = PBXFileReference; lastKnownFileType = sourcecode.swift; path = Constants.swift; sourceTree = "<group>"; };
		F6CE53D223B9DBB700B42791 /* Storyboard+Utility.swift */ = {isa = PBXFileReference; lastKnownFileType = sourcecode.swift; path = "Storyboard+Utility.swift"; sourceTree = "<group>"; };
		F6D9BEB023E7F2C7005F0690 /* InfoService.swift */ = {isa = PBXFileReference; lastKnownFileType = sourcecode.swift; path = InfoService.swift; sourceTree = "<group>"; };
		F6E3433523BAD4B5005B62A2 /* WallpaperCell.swift */ = {isa = PBXFileReference; lastKnownFileType = sourcecode.swift; path = WallpaperCell.swift; sourceTree = "<group>"; };
		F6E3433623BAD4B5005B62A2 /* WallpaperCell.xib */ = {isa = PBXFileReference; lastKnownFileType = file.xib; path = WallpaperCell.xib; sourceTree = "<group>"; };
		F6E3433923BADC02005B62A2 /* TabBarController.swift */ = {isa = PBXFileReference; lastKnownFileType = sourcecode.swift; path = TabBarController.swift; sourceTree = "<group>"; };
		F6E3433B23BAE02F005B62A2 /* AllDecksCell.swift */ = {isa = PBXFileReference; lastKnownFileType = sourcecode.swift; path = AllDecksCell.swift; sourceTree = "<group>"; };
		F6E3433D23BAE03A005B62A2 /* CompletedDecksCell.swift */ = {isa = PBXFileReference; lastKnownFileType = sourcecode.swift; path = CompletedDecksCell.swift; sourceTree = "<group>"; };
/* End PBXFileReference section */

/* Begin PBXFrameworksBuildPhase section */
		F6CE539F23B99E7A00B42791 /* Frameworks */ = {
			isa = PBXFrameworksBuildPhase;
			buildActionMask = 2147483647;
			files = (
				9587AFBFB1A346564015100F /* Pods_World_Culture_Deck.framework in Frameworks */,
			);
			runOnlyForDeploymentPostprocessing = 0;
		};
/* End PBXFrameworksBuildPhase section */

/* Begin PBXGroup section */
		E6AD7B7795245AAF887974DA /* Pods */ = {
			isa = PBXGroup;
			children = (
				38AE7D98688EF3EDF962B038 /* Pods-World Culture Deck.debug.xcconfig */,
				1CE70D85015DFF0BC538C868 /* Pods-World Culture Deck.release.xcconfig */,
			);
			name = Pods;
			sourceTree = "<group>";
		};
		F4475EECE50D4C6930BB6445 /* Frameworks */ = {
			isa = PBXGroup;
			children = (
				352BD80C18464331F729CDAC /* Pods_World_Culture_Deck.framework */,
			);
			name = Frameworks;
			sourceTree = "<group>";
		};
		F66B88CF23FCEB7E0018892D /* NotLoggedInControllers */ = {
			isa = PBXGroup;
			children = (
				F66B88D023FCEBA40018892D /* NLI_HomeVC.swift */,
				F66B88D223FCF1160018892D /* NLI_CountryController.swift */,
				F66B88D423FCF12B0018892D /* NLI_InfoController.swift */,
				F66B88D623FCF1610018892D /* NLI_QuizController.swift */,
				F66B88D823FCF17E0018892D /* NLI_SourceVC.swift */,
				F66B88DA23FCFF010018892D /* NLI_quizCell.swift */,
			);
			path = NotLoggedInControllers;
			sourceTree = "<group>";
		};
		F6CE539923B99E7A00B42791 = {
			isa = PBXGroup;
			children = (
				F6CE53A423B99E7A00B42791 /* World Culture Deck */,
				F6CE53A323B99E7A00B42791 /* Products */,
				E6AD7B7795245AAF887974DA /* Pods */,
				F4475EECE50D4C6930BB6445 /* Frameworks */,
			);
			sourceTree = "<group>";
		};
		F6CE53A323B99E7A00B42791 /* Products */ = {
			isa = PBXGroup;
			children = (
				F6CE53A223B99E7A00B42791 /* World Culture Deck.app */,
			);
			name = Products;
			sourceTree = "<group>";
		};
		F6CE53A423B99E7A00B42791 /* World Culture Deck */ = {
			isa = PBXGroup;
			children = (
				F66B88CF23FCEB7E0018892D /* NotLoggedInControllers */,
				F6CE53C723B9A80C00B42791 /* Controllers */,
				F6CE53C223B9A42A00B42791 /* Views */,
				F6CE53C123B9A42600B42791 /* Storyboards */,
				F6CE53C023B9A42300B42791 /* Services */,
				F6CE53BF23B9A41F00B42791 /* Models */,
				F6CE53BE23B9A41500B42791 /* Helpers */,
				F6CE53A523B99E7A00B42791 /* AppDelegate.swift */,
				F6CE53A723B99E7A00B42791 /* SceneDelegate.swift */,
				F6CE53AC23B99E7B00B42791 /* ContentView.swift */,
				F6CE53AE23B99E7C00B42791 /* Assets.xcassets */,
				F6CE53B323B99E7C00B42791 /* LaunchScreen.storyboard */,
				F6CE53B623B99E7C00B42791 /* Info.plist */,
				F6CE53BC23B9A10200B42791 /* GoogleService-Info.plist */,
				F6CE53A923B99E7B00B42791 /* World_Culture_Deck.xcdatamodeld */,
				F6CE53B023B99E7C00B42791 /* Preview Content */,
			);
			path = "World Culture Deck";
			sourceTree = "<group>";
		};
		F6CE53B023B99E7C00B42791 /* Preview Content */ = {
			isa = PBXGroup;
			children = (
				F6CE53B123B99E7C00B42791 /* Preview Assets.xcassets */,
			);
			path = "Preview Content";
			sourceTree = "<group>";
		};
		F6CE53BE23B9A41500B42791 /* Helpers */ = {
			isa = PBXGroup;
			children = (
				F6CE53D023B9DB7400B42791 /* Constants.swift */,
				F6CE53D223B9DBB700B42791 /* Storyboard+Utility.swift */,
			);
			path = Helpers;
			sourceTree = "<group>";
		};
		F6CE53BF23B9A41F00B42791 /* Models */ = {
			isa = PBXGroup;
			children = (
				F6CE53CA23B9D0B600B42791 /* User.swift */,
			);
			path = Models;
			sourceTree = "<group>";
		};
		F6CE53C023B9A42300B42791 /* Services */ = {
			isa = PBXGroup;
			children = (
				F6CE53CE23B9D7DF00B42791 /* UserService.swift */,
				F65645EC23E69FEE008FDD04 /* QuizService.swift */,
				F65645EE23E6A974008FDD04 /* StarService.swift */,
				F6D9BEB023E7F2C7005F0690 /* InfoService.swift */,
				F6BEF4CA23FB349D00863713 /* ReachabilityService.swift */,
			);
			path = Services;
			sourceTree = "<group>";
		};
		F6CE53C123B9A42600B42791 /* Storyboards */ = {
			isa = PBXGroup;
			children = (
				F6CE53C323B9A46100B42791 /* Login.storyboard */,
				F6CE53C523B9A4B900B42791 /* Main.storyboard */,
			);
			path = Storyboards;
			sourceTree = "<group>";
		};
		F6CE53C223B9A42A00B42791 /* Views */ = {
			isa = PBXGroup;
			children = (
				F6E3433523BAD4B5005B62A2 /* WallpaperCell.swift */,
				F6E3433623BAD4B5005B62A2 /* WallpaperCell.xib */,
				F6E3433B23BAE02F005B62A2 /* AllDecksCell.swift */,
				F6E3433D23BAE03A005B62A2 /* CompletedDecksCell.swift */,
				F61DB99723DC140C008943C6 /* QuizCell.swift */,
				F6C5D87323FA5A17004DBDB4 /* LinksCell.swift */,
			);
			path = Views;
			sourceTree = "<group>";
		};
		F6CE53C723B9A80C00B42791 /* Controllers */ = {
			isa = PBXGroup;
			children = (
				F6CE53C823B9A81900B42791 /* LoginViewController.swift */,
				F6CE53CC23B9D5CD00B42791 /* CreateUsernameViewController.swift */,
				F6A4656F23BA1649004255BE /* HomeVC.swift */,
				F6A4657123BA197A004255BE /* SettingsVC.swift */,
				F6A4657323BA2303004255BE /* WallpaperVC.swift */,
				F6E3433923BADC02005B62A2 /* TabBarController.swift */,
				F62E07E223D685B400A5D157 /* CountryController.swift */,
				F6A6CA6D23D6ADF0007158B8 /* InfoController.swift */,
				F61DB99523DC136C008943C6 /* QuizVC.swift */,
				F6C5D87123FA5986004DBDB4 /* SourcesVC.swift */,
				F6BEF4CC23FB41C600863713 /* ShortAlertVC.swift */,
			);
			path = Controllers;
			sourceTree = "<group>";
		};
/* End PBXGroup section */

/* Begin PBXNativeTarget section */
		F6CE53A123B99E7A00B42791 /* World Culture Deck */ = {
			isa = PBXNativeTarget;
			buildConfigurationList = F6CE53B923B99E7C00B42791 /* Build configuration list for PBXNativeTarget "World Culture Deck" */;
			buildPhases = (
				746D3B143CA91A117C200537 /* [CP] Check Pods Manifest.lock */,
				F6CE539E23B99E7A00B42791 /* Sources */,
				F6CE539F23B99E7A00B42791 /* Frameworks */,
				F6CE53A023B99E7A00B42791 /* Resources */,
				BE53AE3BD1B5526266DF0339 /* [CP] Embed Pods Frameworks */,
				462CD2604BDA42CE0460FC12 /* [CP] Copy Pods Resources */,
			);
			buildRules = (
			);
			dependencies = (
			);
			name = "World Culture Deck";
			productName = "World Culture Deck";
			productReference = F6CE53A223B99E7A00B42791 /* World Culture Deck.app */;
			productType = "com.apple.product-type.application";
		};
/* End PBXNativeTarget section */

/* Begin PBXProject section */
		F6CE539A23B99E7A00B42791 /* Project object */ = {
			isa = PBXProject;
			attributes = {
				LastSwiftUpdateCheck = 1120;
				LastUpgradeCheck = 1120;
				ORGANIZATIONNAME = AudreyHa;
				TargetAttributes = {
					F6CE53A123B99E7A00B42791 = {
						CreatedOnToolsVersion = 11.2;
					};
				};
			};
			buildConfigurationList = F6CE539D23B99E7A00B42791 /* Build configuration list for PBXProject "World Culture Deck" */;
			compatibilityVersion = "Xcode 9.3";
			developmentRegion = en;
			hasScannedForEncodings = 0;
			knownRegions = (
				en,
				Base,
			);
			mainGroup = F6CE539923B99E7A00B42791;
			productRefGroup = F6CE53A323B99E7A00B42791 /* Products */;
			projectDirPath = "";
			projectRoot = "";
			targets = (
				F6CE53A123B99E7A00B42791 /* World Culture Deck */,
			);
		};
/* End PBXProject section */

/* Begin PBXResourcesBuildPhase section */
		F6CE53A023B99E7A00B42791 /* Resources */ = {
			isa = PBXResourcesBuildPhase;
			buildActionMask = 2147483647;
			files = (
				F6CE53B523B99E7C00B42791 /* LaunchScreen.storyboard in Resources */,
				F6CE53B223B99E7C00B42791 /* Preview Assets.xcassets in Resources */,
				F6CE53BD23B9A10200B42791 /* GoogleService-Info.plist in Resources */,
				F6CE53C623B9A4B900B42791 /* Main.storyboard in Resources */,
				F6CE53C423B9A46100B42791 /* Login.storyboard in Resources */,
				F6E3433823BAD4B5005B62A2 /* WallpaperCell.xib in Resources */,
				F6CE53AF23B99E7C00B42791 /* Assets.xcassets in Resources */,
			);
			runOnlyForDeploymentPostprocessing = 0;
		};
/* End PBXResourcesBuildPhase section */

/* Begin PBXShellScriptBuildPhase section */
		462CD2604BDA42CE0460FC12 /* [CP] Copy Pods Resources */ = {
			isa = PBXShellScriptBuildPhase;
			buildActionMask = 2147483647;
			files = (
			);
			inputPaths = (
				"${SRCROOT}/Pods/Target Support Files/Pods-World Culture Deck/Pods-World Culture Deck-resources.sh",
				"${PODS_CONFIGURATION_BUILD_DIR}/FirebaseUI/FirebaseAuthUI.bundle",
			);
			name = "[CP] Copy Pods Resources";
			outputPaths = (
				"${TARGET_BUILD_DIR}/${UNLOCALIZED_RESOURCES_FOLDER_PATH}/FirebaseAuthUI.bundle",
			);
			runOnlyForDeploymentPostprocessing = 0;
			shellPath = /bin/sh;
			shellScript = "\"${SRCROOT}/Pods/Target Support Files/Pods-World Culture Deck/Pods-World Culture Deck-resources.sh\"\n";
			showEnvVarsInLog = 0;
		};
		746D3B143CA91A117C200537 /* [CP] Check Pods Manifest.lock */ = {
			isa = PBXShellScriptBuildPhase;
			buildActionMask = 2147483647;
			files = (
			);
			inputPaths = (
				"${PODS_PODFILE_DIR_PATH}/Podfile.lock",
				"${PODS_ROOT}/Manifest.lock",
			);
			name = "[CP] Check Pods Manifest.lock";
			outputPaths = (
				"$(DERIVED_FILE_DIR)/Pods-World Culture Deck-checkManifestLockResult.txt",
			);
			runOnlyForDeploymentPostprocessing = 0;
			shellPath = /bin/sh;
			shellScript = "diff \"${PODS_PODFILE_DIR_PATH}/Podfile.lock\" \"${PODS_ROOT}/Manifest.lock\" > /dev/null\nif [ $? != 0 ] ; then\n    # print error to STDERR\n    echo \"error: The sandbox is not in sync with the Podfile.lock. Run 'pod install' or update your CocoaPods installation.\" >&2\n    exit 1\nfi\n# This output is used by Xcode 'outputs' to avoid re-running this script phase.\necho \"SUCCESS\" > \"${SCRIPT_OUTPUT_FILE_0}\"\n";
			showEnvVarsInLog = 0;
		};
		BE53AE3BD1B5526266DF0339 /* [CP] Embed Pods Frameworks */ = {
			isa = PBXShellScriptBuildPhase;
			buildActionMask = 2147483647;
			files = (
			);
			inputPaths = (
				"${SRCROOT}/Pods/Target Support Files/Pods-World Culture Deck/Pods-World Culture Deck-frameworks.sh",
				"${BUILT_PRODUCTS_DIR}/CodableFirebase/CodableFirebase.framework",
				"${BUILT_PRODUCTS_DIR}/GTMSessionFetcher/GTMSessionFetcher.framework",
				"${BUILT_PRODUCTS_DIR}/GoogleUtilities/GoogleUtilities.framework",
				"${BUILT_PRODUCTS_DIR}/Kingfisher/Kingfisher.framework",
				"${BUILT_PRODUCTS_DIR}/SwiftyJSON/SwiftyJSON.framework",
				"${BUILT_PRODUCTS_DIR}/leveldb-library/leveldb.framework",
				"${BUILT_PRODUCTS_DIR}/nanopb/nanopb.framework",
			);
			name = "[CP] Embed Pods Frameworks";
			outputPaths = (
				"${TARGET_BUILD_DIR}/${FRAMEWORKS_FOLDER_PATH}/CodableFirebase.framework",
				"${TARGET_BUILD_DIR}/${FRAMEWORKS_FOLDER_PATH}/GTMSessionFetcher.framework",
				"${TARGET_BUILD_DIR}/${FRAMEWORKS_FOLDER_PATH}/GoogleUtilities.framework",
				"${TARGET_BUILD_DIR}/${FRAMEWORKS_FOLDER_PATH}/Kingfisher.framework",
				"${TARGET_BUILD_DIR}/${FRAMEWORKS_FOLDER_PATH}/SwiftyJSON.framework",
				"${TARGET_BUILD_DIR}/${FRAMEWORKS_FOLDER_PATH}/leveldb.framework",
				"${TARGET_BUILD_DIR}/${FRAMEWORKS_FOLDER_PATH}/nanopb.framework",
			);
			runOnlyForDeploymentPostprocessing = 0;
			shellPath = /bin/sh;
			shellScript = "\"${SRCROOT}/Pods/Target Support Files/Pods-World Culture Deck/Pods-World Culture Deck-frameworks.sh\"\n";
			showEnvVarsInLog = 0;
		};
/* End PBXShellScriptBuildPhase section */

/* Begin PBXSourcesBuildPhase section */
		F6CE539E23B99E7A00B42791 /* Sources */ = {
			isa = PBXSourcesBuildPhase;
			buildActionMask = 2147483647;
			files = (
				F6E3433C23BAE02F005B62A2 /* AllDecksCell.swift in Sources */,
				F6D9BEB123E7F2C7005F0690 /* InfoService.swift in Sources */,
				F66B88DB23FCFF010018892D /* NLI_quizCell.swift in Sources */,
				F66B88D723FCF1610018892D /* NLI_QuizController.swift in Sources */,
				F6BEF4CD23FB41C600863713 /* ShortAlertVC.swift in Sources */,
				F61DB99623DC136C008943C6 /* QuizVC.swift in Sources */,
				F6CE53AB23B99E7B00B42791 /* World_Culture_Deck.xcdatamodeld in Sources */,
				F6CE53A623B99E7A00B42791 /* AppDelegate.swift in Sources */,
				F65645ED23E69FEE008FDD04 /* QuizService.swift in Sources */,
				F6CE53CB23B9D0B600B42791 /* User.swift in Sources */,
				F6E3433A23BADC02005B62A2 /* TabBarController.swift in Sources */,
				F6C5D87223FA5986004DBDB4 /* SourcesVC.swift in Sources */,
				F66B88D123FCEBA40018892D /* NLI_HomeVC.swift in Sources */,
				F6A4657423BA2303004255BE /* WallpaperVC.swift in Sources */,
				F6CE53AD23B99E7B00B42791 /* ContentView.swift in Sources */,
				F6C5D87423FA5A17004DBDB4 /* LinksCell.swift in Sources */,
				F6CE53CF23B9D7DF00B42791 /* UserService.swift in Sources */,
				F6A4657223BA197A004255BE /* SettingsVC.swift in Sources */,
				F6CE53C923B9A81900B42791 /* LoginViewController.swift in Sources */,
				F65645EF23E6A974008FDD04 /* StarService.swift in Sources */,
				F6CE53A823B99E7A00B42791 /* SceneDelegate.swift in Sources */,
				F6A6CA6E23D6ADF0007158B8 /* InfoController.swift in Sources */,
				F66B88D323FCF1160018892D /* NLI_CountryController.swift in Sources */,
				F6CE53CD23B9D5CD00B42791 /* CreateUsernameViewController.swift in Sources */,
				F62E07E323D685B400A5D157 /* CountryController.swift in Sources */,
				F66B88D523FCF12B0018892D /* NLI_InfoController.swift in Sources */,
				F66B88D923FCF17E0018892D /* NLI_SourceVC.swift in Sources */,
				F6CE53D123B9DB7400B42791 /* Constants.swift in Sources */,
				F6A4657023BA1649004255BE /* HomeVC.swift in Sources */,
				F6E3433723BAD4B5005B62A2 /* WallpaperCell.swift in Sources */,
				F6BEF4CB23FB349D00863713 /* ReachabilityService.swift in Sources */,
				F61DB99823DC140C008943C6 /* QuizCell.swift in Sources */,
				F6CE53D323B9DBB700B42791 /* Storyboard+Utility.swift in Sources */,
				F6E3433E23BAE03A005B62A2 /* CompletedDecksCell.swift in Sources */,
			);
			runOnlyForDeploymentPostprocessing = 0;
		};
/* End PBXSourcesBuildPhase section */

/* Begin PBXVariantGroup section */
		F6CE53B323B99E7C00B42791 /* LaunchScreen.storyboard */ = {
			isa = PBXVariantGroup;
			children = (
				F6CE53B423B99E7C00B42791 /* Base */,
			);
			name = LaunchScreen.storyboard;
			sourceTree = "<group>";
		};
/* End PBXVariantGroup section */

/* Begin XCBuildConfiguration section */
		F6CE53B723B99E7C00B42791 /* Debug */ = {
			isa = XCBuildConfiguration;
			buildSettings = {
				ALWAYS_SEARCH_USER_PATHS = NO;
				CLANG_ANALYZER_NONNULL = YES;
				CLANG_ANALYZER_NUMBER_OBJECT_CONVERSION = YES_AGGRESSIVE;
				CLANG_CXX_LANGUAGE_STANDARD = "gnu++14";
				CLANG_CXX_LIBRARY = "libc++";
				CLANG_ENABLE_MODULES = YES;
				CLANG_ENABLE_OBJC_ARC = YES;
				CLANG_ENABLE_OBJC_WEAK = YES;
				CLANG_WARN_BLOCK_CAPTURE_AUTORELEASING = YES;
				CLANG_WARN_BOOL_CONVERSION = YES;
				CLANG_WARN_COMMA = YES;
				CLANG_WARN_CONSTANT_CONVERSION = YES;
				CLANG_WARN_DEPRECATED_OBJC_IMPLEMENTATIONS = YES;
				CLANG_WARN_DIRECT_OBJC_ISA_USAGE = YES_ERROR;
				CLANG_WARN_DOCUMENTATION_COMMENTS = YES;
				CLANG_WARN_EMPTY_BODY = YES;
				CLANG_WARN_ENUM_CONVERSION = YES;
				CLANG_WARN_INFINITE_RECURSION = YES;
				CLANG_WARN_INT_CONVERSION = YES;
				CLANG_WARN_NON_LITERAL_NULL_CONVERSION = YES;
				CLANG_WARN_OBJC_IMPLICIT_RETAIN_SELF = YES;
				CLANG_WARN_OBJC_LITERAL_CONVERSION = YES;
				CLANG_WARN_OBJC_ROOT_CLASS = YES_ERROR;
				CLANG_WARN_RANGE_LOOP_ANALYSIS = YES;
				CLANG_WARN_STRICT_PROTOTYPES = YES;
				CLANG_WARN_SUSPICIOUS_MOVE = YES;
				CLANG_WARN_UNGUARDED_AVAILABILITY = YES_AGGRESSIVE;
				CLANG_WARN_UNREACHABLE_CODE = YES;
				CLANG_WARN__DUPLICATE_METHOD_MATCH = YES;
				COPY_PHASE_STRIP = NO;
				DEBUG_INFORMATION_FORMAT = dwarf;
				ENABLE_STRICT_OBJC_MSGSEND = YES;
				ENABLE_TESTABILITY = YES;
				GCC_C_LANGUAGE_STANDARD = gnu11;
				GCC_DYNAMIC_NO_PIC = NO;
				GCC_NO_COMMON_BLOCKS = YES;
				GCC_OPTIMIZATION_LEVEL = 0;
				GCC_PREPROCESSOR_DEFINITIONS = (
					"DEBUG=1",
					"$(inherited)",
				);
				GCC_WARN_64_TO_32_BIT_CONVERSION = YES;
				GCC_WARN_ABOUT_RETURN_TYPE = YES_ERROR;
				GCC_WARN_UNDECLARED_SELECTOR = YES;
				GCC_WARN_UNINITIALIZED_AUTOS = YES_AGGRESSIVE;
				GCC_WARN_UNUSED_FUNCTION = YES;
				GCC_WARN_UNUSED_VARIABLE = YES;
				IPHONEOS_DEPLOYMENT_TARGET = 13.2;
				MTL_ENABLE_DEBUG_INFO = INCLUDE_SOURCE;
				MTL_FAST_MATH = YES;
				ONLY_ACTIVE_ARCH = YES;
				SDKROOT = iphoneos;
				SWIFT_ACTIVE_COMPILATION_CONDITIONS = DEBUG;
				SWIFT_OPTIMIZATION_LEVEL = "-Onone";
			};
			name = Debug;
		};
		F6CE53B823B99E7C00B42791 /* Release */ = {
			isa = XCBuildConfiguration;
			buildSettings = {
				ALWAYS_SEARCH_USER_PATHS = NO;
				CLANG_ANALYZER_NONNULL = YES;
				CLANG_ANALYZER_NUMBER_OBJECT_CONVERSION = YES_AGGRESSIVE;
				CLANG_CXX_LANGUAGE_STANDARD = "gnu++14";
				CLANG_CXX_LIBRARY = "libc++";
				CLANG_ENABLE_MODULES = YES;
				CLANG_ENABLE_OBJC_ARC = YES;
				CLANG_ENABLE_OBJC_WEAK = YES;
				CLANG_WARN_BLOCK_CAPTURE_AUTORELEASING = YES;
				CLANG_WARN_BOOL_CONVERSION = YES;
				CLANG_WARN_COMMA = YES;
				CLANG_WARN_CONSTANT_CONVERSION = YES;
				CLANG_WARN_DEPRECATED_OBJC_IMPLEMENTATIONS = YES;
				CLANG_WARN_DIRECT_OBJC_ISA_USAGE = YES_ERROR;
				CLANG_WARN_DOCUMENTATION_COMMENTS = YES;
				CLANG_WARN_EMPTY_BODY = YES;
				CLANG_WARN_ENUM_CONVERSION = YES;
				CLANG_WARN_INFINITE_RECURSION = YES;
				CLANG_WARN_INT_CONVERSION = YES;
				CLANG_WARN_NON_LITERAL_NULL_CONVERSION = YES;
				CLANG_WARN_OBJC_IMPLICIT_RETAIN_SELF = YES;
				CLANG_WARN_OBJC_LITERAL_CONVERSION = YES;
				CLANG_WARN_OBJC_ROOT_CLASS = YES_ERROR;
				CLANG_WARN_RANGE_LOOP_ANALYSIS = YES;
				CLANG_WARN_STRICT_PROTOTYPES = YES;
				CLANG_WARN_SUSPICIOUS_MOVE = YES;
				CLANG_WARN_UNGUARDED_AVAILABILITY = YES_AGGRESSIVE;
				CLANG_WARN_UNREACHABLE_CODE = YES;
				CLANG_WARN__DUPLICATE_METHOD_MATCH = YES;
				COPY_PHASE_STRIP = NO;
				DEBUG_INFORMATION_FORMAT = "dwarf-with-dsym";
				ENABLE_NS_ASSERTIONS = NO;
				ENABLE_STRICT_OBJC_MSGSEND = YES;
				GCC_C_LANGUAGE_STANDARD = gnu11;
				GCC_NO_COMMON_BLOCKS = YES;
				GCC_WARN_64_TO_32_BIT_CONVERSION = YES;
				GCC_WARN_ABOUT_RETURN_TYPE = YES_ERROR;
				GCC_WARN_UNDECLARED_SELECTOR = YES;
				GCC_WARN_UNINITIALIZED_AUTOS = YES_AGGRESSIVE;
				GCC_WARN_UNUSED_FUNCTION = YES;
				GCC_WARN_UNUSED_VARIABLE = YES;
				IPHONEOS_DEPLOYMENT_TARGET = 13.2;
				MTL_ENABLE_DEBUG_INFO = NO;
				MTL_FAST_MATH = YES;
				SDKROOT = iphoneos;
				SWIFT_COMPILATION_MODE = wholemodule;
				SWIFT_OPTIMIZATION_LEVEL = "-O";
				VALIDATE_PRODUCT = YES;
			};
			name = Release;
		};
		F6CE53BA23B99E7C00B42791 /* Debug */ = {
			isa = XCBuildConfiguration;
			baseConfigurationReference = 38AE7D98688EF3EDF962B038 /* Pods-World Culture Deck.debug.xcconfig */;
			buildSettings = {
				ASSETCATALOG_COMPILER_APPICON_NAME = AppIcon;
				CODE_SIGN_STYLE = Automatic;
				DEVELOPMENT_ASSET_PATHS = "\"World Culture Deck/Preview Content\"";
				DEVELOPMENT_TEAM = X5ZKFR55NQ;
				ENABLE_PREVIEWS = YES;
				INFOPLIST_FILE = "World Culture Deck/Info.plist";
				LD_RUNPATH_SEARCH_PATHS = (
					"$(inherited)",
					"@executable_path/Frameworks",
				);
				PRODUCT_BUNDLE_IDENTIFIER = "com.audrey-ha.World-Culture-Deck";
				PRODUCT_NAME = "$(TARGET_NAME)";
				SWIFT_VERSION = 5.0;
				TARGETED_DEVICE_FAMILY = 1;
			};
			name = Debug;
		};
		F6CE53BB23B99E7C00B42791 /* Release */ = {
			isa = XCBuildConfiguration;
			baseConfigurationReference = 1CE70D85015DFF0BC538C868 /* Pods-World Culture Deck.release.xcconfig */;
			buildSettings = {
				ASSETCATALOG_COMPILER_APPICON_NAME = AppIcon;
				CODE_SIGN_STYLE = Automatic;
				DEVELOPMENT_ASSET_PATHS = "\"World Culture Deck/Preview Content\"";
				DEVELOPMENT_TEAM = X5ZKFR55NQ;
				ENABLE_PREVIEWS = YES;
				INFOPLIST_FILE = "World Culture Deck/Info.plist";
				LD_RUNPATH_SEARCH_PATHS = (
					"$(inherited)",
					"@executable_path/Frameworks",
				);
				PRODUCT_BUNDLE_IDENTIFIER = "com.audrey-ha.World-Culture-Deck";
				PRODUCT_NAME = "$(TARGET_NAME)";
				SWIFT_VERSION = 5.0;
				TARGETED_DEVICE_FAMILY = 1;
			};
			name = Release;
		};
/* End XCBuildConfiguration section */

/* Begin XCConfigurationList section */
		F6CE539D23B99E7A00B42791 /* Build configuration list for PBXProject "World Culture Deck" */ = {
			isa = XCConfigurationList;
			buildConfigurations = (
				F6CE53B723B99E7C00B42791 /* Debug */,
				F6CE53B823B99E7C00B42791 /* Release */,
			);
			defaultConfigurationIsVisible = 0;
			defaultConfigurationName = Release;
		};
		F6CE53B923B99E7C00B42791 /* Build configuration list for PBXNativeTarget "World Culture Deck" */ = {
			isa = XCConfigurationList;
			buildConfigurations = (
				F6CE53BA23B99E7C00B42791 /* Debug */,
				F6CE53BB23B99E7C00B42791 /* Release */,
			);
			defaultConfigurationIsVisible = 0;
			defaultConfigurationName = Release;
		};
/* End XCConfigurationList section */

/* Begin XCVersionGroup section */
		F6CE53A923B99E7B00B42791 /* World_Culture_Deck.xcdatamodeld */ = {
			isa = XCVersionGroup;
			children = (
				F6CE53AA23B99E7B00B42791 /* World_Culture_Deck.xcdatamodel */,
			);
			currentVersion = F6CE53AA23B99E7B00B42791 /* World_Culture_Deck.xcdatamodel */;
			path = World_Culture_Deck.xcdatamodeld;
			sourceTree = "<group>";
			versionGroupType = wrapper.xcdatamodel;
		};
/* End XCVersionGroup section */
	};
	rootObject = F6CE539A23B99E7A00B42791 /* Project object */;
}
